// !$*UTF8*$!
{
	archiveVersion = 1;
	classes = {
	};
	objectVersion = 46;
	objects = {

/* Begin PBXBuildFile section */
		482055521E36B0DF009CF8F7 /* AppDelegate.swift in Sources */ = {isa = PBXBuildFile; fileRef = 482055511E36B0DF009CF8F7 /* AppDelegate.swift */; };
		482055541E36B0DF009CF8F7 /* ViewController.swift in Sources */ = {isa = PBXBuildFile; fileRef = 482055531E36B0DF009CF8F7 /* ViewController.swift */; };
		482055571E36B0DF009CF8F7 /* Main.storyboard in Resources */ = {isa = PBXBuildFile; fileRef = 482055551E36B0DF009CF8F7 /* Main.storyboard */; };
		482055591E36B0DF009CF8F7 /* Assets.xcassets in Resources */ = {isa = PBXBuildFile; fileRef = 482055581E36B0DF009CF8F7 /* Assets.xcassets */; };
		4820555C1E36B0DF009CF8F7 /* LaunchScreen.storyboard in Resources */ = {isa = PBXBuildFile; fileRef = 4820555A1E36B0DF009CF8F7 /* LaunchScreen.storyboard */; };
/* End PBXBuildFile section */

/* Begin PBXFileReference section */
		4820554E1E36B0DF009CF8F7 /* Tap of War.app */ = {isa = PBXFileReference; explicitFileType = wrapper.application; includeInIndex = 0; path = "Tap of War.app"; sourceTree = BUILT_PRODUCTS_DIR; };
		482055511E36B0DF009CF8F7 /* AppDelegate.swift */ = {isa = PBXFileReference; lastKnownFileType = sourcecode.swift; path = AppDelegate.swift; sourceTree = "<group>"; };
		482055531E36B0DF009CF8F7 /* ViewController.swift */ = {isa = PBXFileReference; lastKnownFileType = sourcecode.swift; path = ViewController.swift; sourceTree = "<group>"; };
		482055561E36B0DF009CF8F7 /* Base */ = {isa = PBXFileReference; lastKnownFileType = file.storyboard; name = Base; path = Base.lproj/Main.storyboard; sourceTree = "<group>"; };
		482055581E36B0DF009CF8F7 /* Assets.xcassets */ = {isa = PBXFileReference; lastKnownFileType = folder.assetcatalog; path = Assets.xcassets; sourceTree = "<group>"; };
		4820555B1E36B0DF009CF8F7 /* Base */ = {isa = PBXFileReference; lastKnownFileType = file.storyboard; name = Base; path = Base.lproj/LaunchScreen.storyboard; sourceTree = "<group>"; };
		4820555D1E36B0DF009CF8F7 /* Info.plist */ = {isa = PBXFileReference; lastKnownFileType = text.plist.xml; path = Info.plist; sourceTree = "<group>"; };
/* End PBXFileReference section */

/* Begin PBXFrameworksBuildPhase section */
		4820554B1E36B0DF009CF8F7 /* Frameworks */ = {
			isa = PBXFrameworksBuildPhase;
			buildActionMask = 2147483647;
			files = (
			);
			runOnlyForDeploymentPostprocessing = 0;
		};
/* End PBXFrameworksBuildPhase section */

/* Begin PBXGroup section */
		482055451E36B0DF009CF8F7 = {
			isa = PBXGroup;
			children = (
				482055501E36B0DF009CF8F7 /* Tap of War */,
				4820554F1E36B0DF009CF8F7 /* Products */,
			);
			sourceTree = "<group>";
		};
		4820554F1E36B0DF009CF8F7 /* Products */ = {
			isa = PBXGroup;
			children = (
				4820554E1E36B0DF009CF8F7 /* Tap of War.app */,
			);
			name = Products;
			sourceTree = "<group>";
		};
		482055501E36B0DF009CF8F7 /* Tap of War */ = {
			isa = PBXGroup;
			children = (
				482055511E36B0DF009CF8F7 /* AppDelegate.swift */,
				482055531E36B0DF009CF8F7 /* ViewController.swift */,
				482055551E36B0DF009CF8F7 /* Main.storyboard */,
				482055581E36B0DF009CF8F7 /* Assets.xcassets */,
				4820555A1E36B0DF009CF8F7 /* LaunchScreen.storyboard */,
				4820555D1E36B0DF009CF8F7 /* Info.plist */,
			);
			path = "Tap of War";
			sourceTree = "<group>";
		};
/* End PBXGroup section */

/* Begin PBXNativeTarget section */
		4820554D1E36B0DF009CF8F7 /* Tap of War */ = {
			isa = PBXNativeTarget;
			buildConfigurationList = 482055601E36B0DF009CF8F7 /* Build configuration list for PBXNativeTarget "Tap of War" */;
			buildPhases = (
				4820554A1E36B0DF009CF8F7 /* Sources */,
				4820554B1E36B0DF009CF8F7 /* Frameworks */,
				4820554C1E36B0DF009CF8F7 /* Resources */,
			);
			buildRules = (
			);
			dependencies = (
			);
			name = "Tap of War";
			productName = "Tap of War";
			productReference = 4820554E1E36B0DF009CF8F7 /* Tap of War.app */;
			productType = "com.apple.product-type.application";
		};
/* End PBXNativeTarget section */

/* Begin PBXProject section */
		482055461E36B0DF009CF8F7 /* Project object */ = {
			isa = PBXProject;
			attributes = {
				LastSwiftUpdateCheck = 0820;
				LastUpgradeCheck = 0820;
				ORGANIZATIONNAME = cookiesNcream;
				TargetAttributes = {
					4820554D1E36B0DF009CF8F7 = {
						CreatedOnToolsVersion = 8.2.1;
						DevelopmentTeam = 367YJS935G;
						ProvisioningStyle = Automatic;
					};
				};
			};
			buildConfigurationList = 482055491E36B0DF009CF8F7 /* Build configuration list for PBXProject "Tap of War" */;
			compatibilityVersion = "Xcode 3.2";
			developmentRegion = English;
			hasScannedForEncodings = 0;
			knownRegions = (
				en,
				Base,
			);
			mainGroup = 482055451E36B0DF009CF8F7;
			productRefGroup = 4820554F1E36B0DF009CF8F7 /* Products */;
			projectDirPath = "";
			projectRoot = "";
			targets = (
				4820554D1E36B0DF009CF8F7 /* Tap of War */,
			);
		};
/* End PBXProject section */

/* Begin PBXResourcesBuildPhase section */
		4820554C1E36B0DF009CF8F7 /* Resources */ = {
			isa = PBXResourcesBuildPhase;
			buildActionMask = 2147483647;
			files = (
				4820555C1E36B0DF009CF8F7 /* LaunchScreen.storyboard in Resources */,
				482055591E36B0DF009CF8F7 /* Assets.xcassets in Resources */,
				482055571E36B0DF009CF8F7 /* Main.storyboard in Resources */,
			);
			runOnlyForDeploymentPostprocessing = 0;
		};
/* End PBXResourcesBuildPhase section */

/* Begin PBXSourcesBuildPhase section */
		4820554A1E36B0DF009CF8F7 /* Sources */ = {
			isa = PBXSourcesBuildPhase;
			buildActionMask = 2147483647;
			files = (
				482055541E36B0DF009CF8F7 /* ViewController.swift in Sources */,
				482055521E36B0DF009CF8F7 /* AppDelegate.swift in Sources */,
			);
			runOnlyForDeploymentPostprocessing = 0;
		};
/* End PBXSourcesBuildPhase section */

/* Begin PBXVariantGroup section */
		482055551E36B0DF009CF8F7 /* Main.storyboard */ = {
			isa = PBXVariantGroup;
			children = (
				482055561E36B0DF009CF8F7 /* Base */,
			);
			name = Main.storyboard;
			sourceTree = "<group>";
		};
		4820555A1E36B0DF009CF8F7 /* LaunchScreen.storyboard */ = {
			isa = PBXVariantGroup;
			children = (
				4820555B1E36B0DF009CF8F7 /* Base */,
			);
			name = LaunchScreen.storyboard;
			sourceTree = "<group>";
		};
/* End PBXVariantGroup section */

/* Begin XCBuildConfiguration section */
		4820555E1E36B0DF009CF8F7 /* Debug */ = {
			isa = XCBuildConfiguration;
			buildSettings = {
				ALWAYS_SEARCH_USER_PATHS = NO;
				CLANG_ANALYZER_NONNULL = YES;
				CLANG_CXX_LANGUAGE_STANDARD = "gnu++0x";
				CLANG_CXX_LIBRARY = "libc++";
				CLANG_ENABLE_MODULES = YES;
				CLANG_ENABLE_OBJC_ARC = YES;
				CLANG_WARN_BOOL_CONVERSION = YES;
				CLANG_WARN_CONSTANT_CONVERSION = YES;
				CLANG_WARN_DIRECT_OBJC_ISA_USAGE = YES_ERROR;
				CLANG_WARN_DOCUMENTATION_COMMENTS = YES;
				CLANG_WARN_EMPTY_BODY = YES;
				CLANG_WARN_ENUM_CONVERSION = YES;
				CLANG_WARN_INFINITE_RECURSION = YES;
				CLANG_WARN_INT_CONVERSION = YES;
				CLANG_WARN_OBJC_ROOT_CLASS = YES_ERROR;
				CLANG_WARN_SUSPICIOUS_MOVE = YES;
				CLANG_WARN_UNREACHABLE_CODE = YES;
				CLANG_WARN__DUPLICATE_METHOD_MATCH = YES;
				CODE_SIGN_IDENTITY = "iPhone Developer";
				"CODE_SIGN_IDENTITY[sdk=iphoneos*]" = "iPhone Developer";
				COPY_PHASE_STRIP = NO;
				DEBUG_INFORMATION_FORMAT = dwarf;
				ENABLE_STRICT_OBJC_MSGSEND = YES;
				ENABLE_TESTABILITY = YES;
				GCC_C_LANGUAGE_STANDARD = gnu99;
				GCC_DYNAMIC_NO_PIC = NO;
				GCC_NO_COMMON_BLOCKS = YES;
				GCC_OPTIMIZATION_LEVEL = 0;
				GCC_PREPROCESSOR_DEFINITIONS = (
					"DEBUG=1",
					"$(inherited)",
				);
				GCC_WARN_64_TO_32_BIT_CONVERSION = YES;
				GCC_WARN_ABOUT_RETURN_TYPE = YES_ERROR;
				GCC_WARN_UNDECLARED_SELECTOR = YES;
				GCC_WARN_UNINITIALIZED_AUTOS = YES_AGGRESSIVE;
				GCC_WARN_UNUSED_FUNCTION = YES;
				GCC_WARN_UNUSED_VARIABLE = YES;
				IPHONEOS_DEPLOYMENT_TARGET = 10.2;
				MTL_ENABLE_DEBUG_INFO = YES;
				ONLY_ACTIVE_ARCH = YES;
				SDKROOT = iphoneos;
				SWIFT_ACTIVE_COMPILATION_CONDITIONS = DEBUG;
				SWIFT_OPTIMIZATION_LEVEL = "-Onone";
				TARGETED_DEVICE_FAMILY = "1,2";
			};
			name = Debug;
		};
		4820555F1E36B0DF009CF8F7 /* Release */ = {
			isa = XCBuildConfiguration;
			buildSettings = {
				ALWAYS_SEARCH_USER_PATHS = NO;
				CLANG_ANALYZER_NONNULL = YES;
				CLANG_CXX_LANGUAGE_STANDARD = "gnu++0x";
				CLANG_CXX_LIBRARY = "libc++";
				CLANG_ENABLE_MODULES = YES;
				CLANG_ENABLE_OBJC_ARC = YES;
				CLANG_WARN_BOOL_CONVERSION = YES;
				CLANG_WARN_CONSTANT_CONVERSION = YES;
				CLANG_WARN_DIRECT_OBJC_ISA_USAGE = YES_ERROR;
				CLANG_WARN_DOCUMENTATION_COMMENTS = YES;
				CLANG_WARN_EMPTY_BODY = YES;
				CLANG_WARN_ENUM_CONVERSION = YES;
				CLANG_WARN_INFINITE_RECURSION = YES;
				CLANG_WARN_INT_CONVERSION = YES;
				CLANG_WARN_OBJC_ROOT_CLASS = YES_ERROR;
				CLANG_WARN_SUSPICIOUS_MOVE = YES;
				CLANG_WARN_UNREACHABLE_CODE = YES;
				CLANG_WARN__DUPLICATE_METHOD_MATCH = YES;
				CODE_SIGN_IDENTITY = "iPhone Developer";
				"CODE_SIGN_IDENTITY[sdk=iphoneos*]" = "iPhone Developer";
				COPY_PHASE_STRIP = NO;
				DEBUG_INFORMATION_FORMAT = "dwarf-with-dsym";
				ENABLE_NS_ASSERTIONS = NO;
				ENABLE_STRICT_OBJC_MSGSEND = YES;
				GCC_C_LANGUAGE_STANDARD = gnu99;
				GCC_NO_COMMON_BLOCKS = YES;
				GCC_WARN_64_TO_32_BIT_CONVERSION = YES;
				GCC_WARN_ABOUT_RETURN_TYPE = YES_ERROR;
				GCC_WARN_UNDECLARED_SELECTOR = YES;
				GCC_WARN_UNINITIALIZED_AUTOS = YES_AGGRESSIVE;
				GCC_WARN_UNUSED_FUNCTION = YES;
				GCC_WARN_UNUSED_VARIABLE = YES;
				IPHONEOS_DEPLOYMENT_TARGET = 10.2;
				MTL_ENABLE_DEBUG_INFO = NO;
				SDKROOT = iphoneos;
				SWIFT_OPTIMIZATION_LEVEL = "-Owholemodule";
				TARGETED_DEVICE_FAMILY = "1,2";
				VALIDATE_PRODUCT = YES;
			};
			name = Release;
		};
		482055611E36B0DF009CF8F7 /* Debug */ = {
			isa = XCBuildConfiguration;
			buildSettings = {
				ASSETCATALOG_COMPILER_APPICON_NAME = AppIcon;
				CODE_SIGN_IDENTITY = "iPhone Developer";
				"CODE_SIGN_IDENTITY[sdk=iphoneos*]" = "iPhone Developer";
				DEVELOPMENT_TEAM = 367YJS935G;
				INFOPLIST_FILE = "Tap of War/Info.plist";
				IPHONEOS_DEPLOYMENT_TARGET = 10.2;
				LD_RUNPATH_SEARCH_PATHS = "$(inherited) @executable_path/Frameworks";
				PRODUCT_BUNDLE_IDENTIFIER = "cNc.Tap-of-War";
				PRODUCT_NAME = "$(TARGET_NAME)";
				SWIFT_VERSION = 3.0;
				TARGETED_DEVICE_FAMILY = "1,2";
			};
			name = Debug;
		};
		482055621E36B0DF009CF8F7 /* Release */ = {
			isa = XCBuildConfiguration;
			buildSettings = {
				ASSETCATALOG_COMPILER_APPICON_NAME = AppIcon;
				CODE_SIGN_IDENTITY = "iPhone Developer";
				"CODE_SIGN_IDENTITY[sdk=iphoneos*]" = "iPhone Developer";
				DEVELOPMENT_TEAM = 367YJS935G;
				INFOPLIST_FILE = "Tap of War/Info.plist";
				IPHONEOS_DEPLOYMENT_TARGET = 10.2;
				LD_RUNPATH_SEARCH_PATHS = "$(inherited) @executable_path/Frameworks";
				PRODUCT_BUNDLE_IDENTIFIER = "cNc.Tap-of-War";
				PRODUCT_NAME = "$(TARGET_NAME)";
				SWIFT_VERSION = 3.0;
				TARGETED_DEVICE_FAMILY = "1,2";
			};
			name = Release;
		};
/* End XCBuildConfiguration section */

/* Begin XCConfigurationList section */
		482055491E36B0DF009CF8F7 /* Build configuration list for PBXProject "Tap of War" */ = {
			isa = XCConfigurationList;
			buildConfigurations = (
				4820555E1E36B0DF009CF8F7 /* Debug */,
				4820555F1E36B0DF009CF8F7 /* Release */,
			);
			defaultConfigurationIsVisible = 0;
			defaultConfigurationName = Release;
		};
		482055601E36B0DF009CF8F7 /* Build configuration list for PBXNativeTarget "Tap of War" */ = {
			isa = XCConfigurationList;
			buildConfigurations = (
				482055611E36B0DF009CF8F7 /* Debug */,
				482055621E36B0DF009CF8F7 /* Release */,
			);
			defaultConfigurationIsVisible = 0;
			defaultConfigurationName = Release;
		};
/* End XCConfigurationList section */
	};
	rootObject = 482055461E36B0DF009CF8F7 /* Project object */;
}
